
Microsoft Visual Studio Solution File, Format Version 12.00
# Visual Studio Version 17
VisualStudioVersion = 17.0.31612.314
MinimumVisualStudioVersion = 10.0.40219.1
Project("{9A19103F-16F7-4668-BE54-9A1E7A4F7556}") = "MyPortfolio.Services.Infrastructure.Build", "MyPortfolio.Services.Infrastructure.Build\MyPortfolio.Services.Infrastructure.Build.csproj", "{B8EA095D-2EE3-47A6-A916-FB4CBFD22728}"
EndProject
Project("{2150E333-8FDC-42A3-9474-1A3956D46DE8}") = "Solution Items", "Solution Items", "{517E748D-AFE7-43EA-9043-9A432DBCF408}"
	ProjectSection(SolutionItems) = preProject
		.editorconfig = .editorconfig
	EndProjectSection
EndProject
Project("{FAE04EC0-301F-11D3-BF4B-00C04F79EFBC}") = "MyPortfolio.services.api", "MyPortfolio.services.api\MyPortfolio.services.api.csproj", "{3E2BC94A-D0F4-47C2-939A-D8F65B1BEBBC}"
EndProject
Global
	GlobalSection(SolutionConfigurationPlatforms) = preSolution
		Debug|Any CPU = Debug|Any CPU
		Release|Any CPU = Release|Any CPU
	EndGlobalSection
	GlobalSection(ProjectConfigurationPlatforms) = postSolution
		{B8EA095D-2EE3-47A6-A916-FB4CBFD22728}.Debug|Any CPU.ActiveCfg = Debug|Any CPU
		{B8EA095D-2EE3-47A6-A916-FB4CBFD22728}.Debug|Any CPU.Build.0 = Debug|Any CPU
		{B8EA095D-2EE3-47A6-A916-FB4CBFD22728}.Release|Any CPU.ActiveCfg = Release|Any CPU
		{B8EA095D-2EE3-47A6-A916-FB4CBFD22728}.Release|Any CPU.Build.0 = Release|Any CPU
		{3E2BC94A-D0F4-47C2-939A-D8F65B1BEBBC}.Debug|Any CPU.ActiveCfg = Debug|Any CPU
		{3E2BC94A-D0F4-47C2-939A-D8F65B1BEBBC}.Debug|Any CPU.Build.0 = Debug|Any CPU
		{3E2BC94A-D0F4-47C2-939A-D8F65B1BEBBC}.Release|Any CPU.ActiveCfg = Release|Any CPU
		{3E2BC94A-D0F4-47C2-939A-D8F65B1BEBBC}.Release|Any CPU.Build.0 = Release|Any CPU
	EndGlobalSection
	GlobalSection(SolutionProperties) = preSolution
		HideSolutionNode = FALSE
	EndGlobalSection
	GlobalSection(ExtensibilityGlobals) = postSolution
		SolutionGuid = {F08167A8-7F96-4701-A6A3-5FB57E5171F2}
	EndGlobalSection
EndGlobal
